
Microsoft Visual Studio Solution File, Format Version 12.00
# Visual Studio Version 16
VisualStudioVersion = 16.0.29911.84
MinimumVisualStudioVersion = 10.0.40219.1
Project("{9A19103F-16F7-4668-BE54-9A1E7A4F7556}") = "Tutorial", "Tutorial\Tutorial.csproj", "{E7B3C222-6357-4294-92F6-B95DE2501EA7}"
EndProject
Project("{9A19103F-16F7-4668-BE54-9A1E7A4F7556}") = "Chapter03", "Chapter03\Chapter03.csproj", "{1E8683B9-0331-4543-9A41-FF2FF54786E3}"
EndProject
Project("{9A19103F-16F7-4668-BE54-9A1E7A4F7556}") = "Chapter02", "Chapter02\Chapter02.csproj", "{B91A84AE-11E6-4445-AFA9-F22C7D2D0D5D}"
EndProject
Project("{9A19103F-16F7-4668-BE54-9A1E7A4F7556}") = "Chapter01", "Chapter01\Chapter01.csproj", "{DFFF01FC-6AF0-4EF6-B854-65DF971DD290}"
EndProject
Project("{9A19103F-16F7-4668-BE54-9A1E7A4F7556}") = "Chapter10", "Chapter10\Chapter10.csproj", "{D0143DD8-1508-4477-B7C1-6D4A58AA3886}"
EndProject
Project("{9A19103F-16F7-4668-BE54-9A1E7A4F7556}") = "Chapter09", "Chapter09\Chapter09.csproj", "{7D42C38E-312D-4A10-BE6D-EFF88A716FD3}"
EndProject
Project("{9A19103F-16F7-4668-BE54-9A1E7A4F7556}") = "Chapter08", "Chapter08\Chapter08.csproj", "{69C00907-A4CF-4993-8E19-8105A309E84C}"
EndProject
Project("{FAE04EC0-301F-11D3-BF4B-00C04F79EFBC}") = "Chapter07", "Chapter07\Chapter07.csproj", "{7B9EBC32-D2CD-4917-A721-3B4E33756900}"
EndProject
Project("{FAE04EC0-301F-11D3-BF4B-00C04F79EFBC}") = "Chapter06", "Chapter06\Chapter06.csproj", "{DE1AEF87-56A7-4917-A9BA-FC510E8EFABD}"
EndProject
Project("{FAE04EC0-301F-11D3-BF4B-00C04F79EFBC}") = "Chapter05", "Chapter05\Chapter05.csproj", "{78D4C0E8-86DC-44FF-A32A-F67A0D3A40BF}"
EndProject
Global
	GlobalSection(SolutionConfigurationPlatforms) = preSolution
		Debug|Any CPU = Debug|Any CPU
		Release|Any CPU = Release|Any CPU
	EndGlobalSection
	GlobalSection(ProjectConfigurationPlatforms) = postSolution
		{E7B3C222-6357-4294-92F6-B95DE2501EA7}.Debug|Any CPU.ActiveCfg = Debug|Any CPU
		{E7B3C222-6357-4294-92F6-B95DE2501EA7}.Debug|Any CPU.Build.0 = Debug|Any CPU
		{E7B3C222-6357-4294-92F6-B95DE2501EA7}.Release|Any CPU.ActiveCfg = Release|Any CPU
		{E7B3C222-6357-4294-92F6-B95DE2501EA7}.Release|Any CPU.Build.0 = Release|Any CPU
		{1E8683B9-0331-4543-9A41-FF2FF54786E3}.Debug|Any CPU.ActiveCfg = Debug|Any CPU
		{1E8683B9-0331-4543-9A41-FF2FF54786E3}.Debug|Any CPU.Build.0 = Debug|Any CPU
		{1E8683B9-0331-4543-9A41-FF2FF54786E3}.Release|Any CPU.ActiveCfg = Release|Any CPU
		{1E8683B9-0331-4543-9A41-FF2FF54786E3}.Release|Any CPU.Build.0 = Release|Any CPU
		{B91A84AE-11E6-4445-AFA9-F22C7D2D0D5D}.Debug|Any CPU.ActiveCfg = Debug|Any CPU
		{B91A84AE-11E6-4445-AFA9-F22C7D2D0D5D}.Debug|Any CPU.Build.0 = Debug|Any CPU
		{B91A84AE-11E6-4445-AFA9-F22C7D2D0D5D}.Release|Any CPU.ActiveCfg = Release|Any CPU
		{B91A84AE-11E6-4445-AFA9-F22C7D2D0D5D}.Release|Any CPU.Build.0 = Release|Any CPU
		{DFFF01FC-6AF0-4EF6-B854-65DF971DD290}.Debug|Any CPU.ActiveCfg = Debug|Any CPU
		{DFFF01FC-6AF0-4EF6-B854-65DF971DD290}.Debug|Any CPU.Build.0 = Debug|Any CPU
		{DFFF01FC-6AF0-4EF6-B854-65DF971DD290}.Release|Any CPU.ActiveCfg = Release|Any CPU
		{DFFF01FC-6AF0-4EF6-B854-65DF971DD290}.Release|Any CPU.Build.0 = Release|Any CPU
		{D0143DD8-1508-4477-B7C1-6D4A58AA3886}.Debug|Any CPU.ActiveCfg = Debug|Any CPU
		{D0143DD8-1508-4477-B7C1-6D4A58AA3886}.Debug|Any CPU.Build.0 = Debug|Any CPU
		{D0143DD8-1508-4477-B7C1-6D4A58AA3886}.Release|Any CPU.ActiveCfg = Release|Any CPU
		{D0143DD8-1508-4477-B7C1-6D4A58AA3886}.Release|Any CPU.Build.0 = Release|Any CPU
		{7D42C38E-312D-4A10-BE6D-EFF88A716FD3}.Debug|Any CPU.ActiveCfg = Debug|Any CPU
		{7D42C38E-312D-4A10-BE6D-EFF88A716FD3}.Debug|Any CPU.Build.0 = Debug|Any CPU
		{7D42C38E-312D-4A10-BE6D-EFF88A716FD3}.Release|Any CPU.ActiveCfg = Release|Any CPU
		{7D42C38E-312D-4A10-BE6D-EFF88A716FD3}.Release|Any CPU.Build.0 = Release|Any CPU
		{69C00907-A4CF-4993-8E19-8105A309E84C}.Debug|Any CPU.ActiveCfg = Debug|Any CPU
		{69C00907-A4CF-4993-8E19-8105A309E84C}.Debug|Any CPU.Build.0 = Debug|Any CPU
		{69C00907-A4CF-4993-8E19-8105A309E84C}.Release|Any CPU.ActiveCfg = Release|Any CPU
		{69C00907-A4CF-4993-8E19-8105A309E84C}.Release|Any CPU.Build.0 = Release|Any CPU
		{7B9EBC32-D2CD-4917-A721-3B4E33756900}.Debug|Any CPU.ActiveCfg = Debug|Any CPU
		{7B9EBC32-D2CD-4917-A721-3B4E33756900}.Debug|Any CPU.Build.0 = Debug|Any CPU
		{7B9EBC32-D2CD-4917-A721-3B4E33756900}.Release|Any CPU.ActiveCfg = Release|Any CPU
		{7B9EBC32-D2CD-4917-A721-3B4E33756900}.Release|Any CPU.Build.0 = Release|Any CPU
		{DE1AEF87-56A7-4917-A9BA-FC510E8EFABD}.Debug|Any CPU.ActiveCfg = Debug|Any CPU
		{DE1AEF87-56A7-4917-A9BA-FC510E8EFABD}.Debug|Any CPU.Build.0 = Debug|Any CPU
		{DE1AEF87-56A7-4917-A9BA-FC510E8EFABD}.Release|Any CPU.ActiveCfg = Release|Any CPU
		{DE1AEF87-56A7-4917-A9BA-FC510E8EFABD}.Release|Any CPU.Build.0 = Release|Any CPU
		{78D4C0E8-86DC-44FF-A32A-F67A0D3A40BF}.Debug|Any CPU.ActiveCfg = Debug|Any CPU
		{78D4C0E8-86DC-44FF-A32A-F67A0D3A40BF}.Debug|Any CPU.Build.0 = Debug|Any CPU
		{78D4C0E8-86DC-44FF-A32A-F67A0D3A40BF}.Release|Any CPU.ActiveCfg = Release|Any CPU
		{78D4C0E8-86DC-44FF-A32A-F67A0D3A40BF}.Release|Any CPU.Build.0 = Release|Any CPU
	EndGlobalSection
	GlobalSection(SolutionProperties) = preSolution
		HideSolutionNode = FALSE
	EndGlobalSection
	GlobalSection(ExtensibilityGlobals) = postSolution
		SolutionGuid = {7CC62BEC-7011-4A65-8471-71D39574AE3F}
	EndGlobalSection
EndGlobal
